{
  "name": "vscode-ripgrep-monorepo",
  "version": "1.18.0",
  "lockfileVersion": 2,
  "requires": true,
  "packages": {
    "": {
      "name": "vscode-ripgrep-monorepo",
      "version": "1.18.0",
      "license": "MIT",
      "workspaces": [
        "packages/*"
      ],
      "devDependencies": {
        "@types/node": "^20.8.4"
      }
    },
    "node_modules/@types/node": {
      "version": "20.8.4",
      "resolved": "https://registry.npmjs.org/@types/node/-/node-20.8.4.tgz",
      "integrity": "sha512-ZVPnqU58giiCjSxjVUESDtdPk4QR5WQhhINbc9UBrKLU68MX5BF6kbQzTrkwbolyr0X8ChBpXfavr5mZFKZQ5A==",
      "dev": true,
      "dependencies": {
        "undici-types": "~5.25.1"
      }
    },
    "node_modules/@vscode/ripgrep": {
      "resolved": "packages/ripgrep",
      "link": true
    },
    "node_modules/@vscode/ripgrep-darwin-arm64": {
      "resolved": "packages/ripgrep-darwin-arm64",
      "link": true
    },
    "node_modules/@vscode/ripgrep-darwin-x64": {
      "resolved": "packages/ripgrep-darwin-x64",
      "link": true
    },
    "node_modules/@vscode/ripgrep-linux-arm": {
      "resolved": "packages/ripgrep-linux-arm",
      "link": true
    },
    "node_modules/@vscode/ripgrep-linux-arm64": {
      "resolved": "packages/ripgrep-linux-arm64",
      "link": true
    },
    "node_modules/@vscode/ripgrep-linux-ia32": {
      "resolved": "packages/ripgrep-linux-ia32",
      "link": true
    },
    "node_modules/@vscode/ripgrep-linux-ppc64": {
      "resolved": "packages/ripgrep-linux-ppc64",
      "link": true
    },
    "node_modules/@vscode/ripgrep-linux-riscv64": {
      "resolved": "packages/ripgrep-linux-riscv64",
      "link": true
    },
    "node_modules/@vscode/ripgrep-linux-s390x": {
      "resolved": "packages/ripgrep-linux-s390x",
      "link": true
    },
    "node_modules/@vscode/ripgrep-linux-x64": {
      "resolved": "packages/ripgrep-linux-x64",
      "link": true
    },
    "node_modules/@vscode/ripgrep-win32-arm64": {
      "resolved": "packages/ripgrep-win32-arm64",
      "link": true
    },
    "node_modules/@vscode/ripgrep-win32-ia32": {
      "resolved": "packages/ripgrep-win32-ia32",
      "link": true
    },
    "node_modules/@vscode/ripgrep-win32-x64": {
      "resolved": "packages/ripgrep-win32-x64",
      "link": true
    },
    "node_modules/undici-types": {
      "version": "5.25.3",
      "resolved": "https://registry.npmjs.org/undici-types/-/undici-types-5.25.3.tgz",
      "integrity": "sha512-Ga1jfYwRn7+cP9v8auvEXN1rX3sWqlayd4HP7OKk4mZWylEmu3KzXDUGrQUN6Ol7qo1gPvB2e5gX6udnyEPgdA==",
      "dev": true
    },
    "packages/ripgrep": {
      "name": "@vscode/ripgrep",
      "version": "1.18.0",
      "license": "MIT",
      "optionalDependencies": {
        "@vscode/ripgrep-darwin-arm64": "1.18.0",
        "@vscode/ripgrep-darwin-x64": "1.18.0",
        "@vscode/ripgrep-linux-arm": "1.18.0",
        "@vscode/ripgrep-linux-arm64": "1.18.0",
        "@vscode/ripgrep-linux-ia32": "1.18.0",
        "@vscode/ripgrep-linux-ppc64": "1.18.0",
        "@vscode/ripgrep-linux-riscv64": "1.18.0",
        "@vscode/ripgrep-linux-s390x": "1.18.0",
        "@vscode/ripgrep-linux-x64": "1.18.0",
        "@vscode/ripgrep-win32-arm64": "1.18.0",
        "@vscode/ripgrep-win32-ia32": "1.18.0",
        "@vscode/ripgrep-win32-x64": "1.18.0"
      }
    },
    "packages/ripgrep-darwin-arm64": {
      "name": "@vscode/ripgrep-darwin-arm64",
      "version": "1.18.0",
      "cpu": [
        "arm64"
      ],
      "license": "MIT",
      "os": [
        "darwin"
      ]
    },
    "packages/ripgrep-darwin-x64": {
      "name": "@vscode/ripgrep-darwin-x64",
      "version": "1.18.0",
      "cpu": [
        "x64"
      ],
      "license": "MIT",
      "os": [
        "darwin"
      ]
    },
    "packages/ripgrep-linux-arm": {
      "name": "@vscode/ripgrep-linux-arm",
      "version": "1.18.0",
      "cpu": [
        "arm"
      ],
      "license": "MIT",
      "os": [
        "linux"
      ]
    },
    "packages/ripgrep-linux-arm64": {
      "name": "@vscode/ripgrep-linux-arm64",
      "version": "1.18.0",
      "cpu": [
        "arm64"
      ],
      "license": "MIT",
      "os": [
        "linux"
      ]
    },
    "packages/ripgrep-linux-ia32": {
      "name": "@vscode/ripgrep-linux-ia32",
      "version": "1.18.0",
      "cpu": [
        "ia32"
      ],
      "license": "MIT",
      "os": [
        "linux"
      ]
    },
    "packages/ripgrep-linux-ppc64": {
      "name": "@vscode/ripgrep-linux-ppc64",
      "version": "1.18.0",
      "cpu": [
        "ppc64"
      ],
      "license": "MIT",
      "os": [
        "linux"
      ]
    },
    "packages/ripgrep-linux-riscv64": {
      "name": "@vscode/ripgrep-linux-riscv64",
      "version": "1.18.0",
      "cpu": [
        "riscv64"
      ],
      "license": "MIT",
      "os": [
        "linux"
      ]
    },
    "packages/ripgrep-linux-s390x": {
      "name": "@vscode/ripgrep-linux-s390x",
      "version": "1.18.0",
      "cpu": [
        "s390x"
      ],
      "license": "MIT",
      "os": [
        "linux"
      ]
    },
    "packages/ripgrep-linux-x64": {
      "name": "@vscode/ripgrep-linux-x64",
      "version": "1.18.0",
      "cpu": [
        "x64"
      ],
      "license": "MIT",
      "os": [
        "linux"
      ]
    },
    "packages/ripgrep-win32-arm64": {
      "name": "@vscode/ripgrep-win32-arm64",
      "version": "1.18.0",
      "cpu": [
        "arm64"
      ],
      "license": "MIT",
      "os": [
        "win32"
      ]
    },
    "packages/ripgrep-win32-ia32": {
      "name": "@vscode/ripgrep-win32-ia32",
      "version": "1.18.0",
      "cpu": [
        "ia32"
      ],
      "license": "MIT",
      "os": [
        "win32"
      ]
    },
    "packages/ripgrep-win32-x64": {
      "name": "@vscode/ripgrep-win32-x64",
      "version": "1.18.0",
      "cpu": [
        "x64"
      ],
      "license": "MIT",
      "os": [
        "win32"
      ]
    }
  },
  "dependencies": {
    "@types/node": {
      "version": "20.8.4",
      "resolved": "https://registry.npmjs.org/@types/node/-/node-20.8.4.tgz",
      "integrity": "sha512-ZVPnqU58giiCjSxjVUESDtdPk4QR5WQhhINbc9UBrKLU68MX5BF6kbQzTrkwbolyr0X8ChBpXfavr5mZFKZQ5A==",
      "dev": true,
      "requires": {
        "undici-types": "~5.25.1"
      }
    },
    "@vscode/ripgrep": {
      "version": "file:packages/ripgrep",
      "requires": {
        "@vscode/ripgrep-darwin-arm64": "1.18.0",
        "@vscode/ripgrep-darwin-x64": "1.18.0",
        "@vscode/ripgrep-linux-arm": "1.18.0",
        "@vscode/ripgrep-linux-arm64": "1.18.0",
        "@vscode/ripgrep-linux-ia32": "1.18.0",
        "@vscode/ripgrep-linux-ppc64": "1.18.0",
        "@vscode/ripgrep-linux-riscv64": "1.18.0",
        "@vscode/ripgrep-linux-s390x": "1.18.0",
        "@vscode/ripgrep-linux-x64": "1.18.0",
        "@vscode/ripgrep-win32-arm64": "1.18.0",
        "@vscode/ripgrep-win32-ia32": "1.18.0",
        "@vscode/ripgrep-win32-x64": "1.18.0"
      }
    },
    "@vscode/ripgrep-darwin-arm64": {
      "version": "file:packages/ripgrep-darwin-arm64"
    },
    "@vscode/ripgrep-darwin-x64": {
      "version": "file:packages/ripgrep-darwin-x64"
    },
    "@vscode/ripgrep-linux-arm": {
      "version": "file:packages/ripgrep-linux-arm"
    },
    "@vscode/ripgrep-linux-arm64": {
      "version": "file:packages/ripgrep-linux-arm64"
    },
    "@vscode/ripgrep-linux-ia32": {
      "version": "file:packages/ripgrep-linux-ia32"
    },
    "@vscode/ripgrep-linux-ppc64": {
      "version": "file:packages/ripgrep-linux-ppc64"
    },
    "@vscode/ripgrep-linux-riscv64": {
      "version": "file:packages/ripgrep-linux-riscv64"
    },
    "@vscode/ripgrep-linux-s390x": {
      "version": "file:packages/ripgrep-linux-s390x"
    },
    "@vscode/ripgrep-linux-x64": {
      "version": "file:packages/ripgrep-linux-x64"
    },
    "@vscode/ripgrep-win32-arm64": {
      "version": "file:packages/ripgrep-win32-arm64"
    },
    "@vscode/ripgrep-win32-ia32": {
      "version": "file:packages/ripgrep-win32-ia32"
    },
    "@vscode/ripgrep-win32-x64": {
      "version": "file:packages/ripgrep-win32-x64"
    },
    "undici-types": {
      "version": "5.25.3",
      "resolved": "https://registry.npmjs.org/undici-types/-/undici-types-5.25.3.tgz",
      "integrity": "sha512-Ga1jfYwRn7+cP9v8auvEXN1rX3sWqlayd4HP7OKk4mZWylEmu3KzXDUGrQUN6Ol7qo1gPvB2e5gX6udnyEPgdA==",
      "dev": true
    }
  }
}
